
Microsoft Visual Studio Solution File, Format Version 12.00
# Visual Studio Version 17
VisualStudioVersion = 17.9.34607.119
MinimumVisualStudioVersion = 10.0.40219.1
Project("{FAE04EC0-301F-11D3-BF4B-00C04F79EFBC}") = "MektupSandigi", "MektupSandigi\MektupSandigi.csproj", "{B02BC630-3D47-469A-887F-43F01CE70864}"
EndProject
Project("{FAE04EC0-301F-11D3-BF4B-00C04F79EFBC}") = "VeriErisimKatmani", "VeriErisimKatmani\VeriErisimKatmani.csproj", "{D0578527-D12E-4A91-95AF-0600DC7BDBC2}"
EndProject
Global
	GlobalSection(SolutionConfigurationPlatforms) = preSolution
		Debug|Any CPU = Debug|Any CPU
		Release|Any CPU = Release|Any CPU
	EndGlobalSection
	GlobalSection(ProjectConfigurationPlatforms) = postSolution
		{B02BC630-3D47-469A-887F-43F01CE70864}.Debug|Any CPU.ActiveCfg = Debug|Any CPU
		{B02BC630-3D47-469A-887F-43F01CE70864}.Debug|Any CPU.Build.0 = Debug|Any CPU
		{B02BC630-3D47-469A-887F-43F01CE70864}.Release|Any CPU.ActiveCfg = Release|Any CPU
		{B02BC630-3D47-469A-887F-43F01CE70864}.Release|Any CPU.Build.0 = Release|Any CPU
		{D0578527-D12E-4A91-95AF-0600DC7BDBC2}.Debug|Any CPU.ActiveCfg = Debug|Any CPU
		{D0578527-D12E-4A91-95AF-0600DC7BDBC2}.Debug|Any CPU.Build.0 = Debug|Any CPU
		{D0578527-D12E-4A91-95AF-0600DC7BDBC2}.Release|Any CPU.ActiveCfg = Release|Any CPU
		{D0578527-D12E-4A91-95AF-0600DC7BDBC2}.Release|Any CPU.Build.0 = Release|Any CPU
	EndGlobalSection
	GlobalSection(SolutionProperties) = preSolution
		HideSolutionNode = FALSE
	EndGlobalSection
	GlobalSection(ExtensibilityGlobals) = postSolution
		SolutionGuid = {B47E7D5C-482D-464F-973C-D9EC029BD96E}
	EndGlobalSection
EndGlobal
